
Microsoft Visual Studio Solution File, Format Version 12.00
# Visual Studio Version 16
VisualStudioVersion = 16.0.31321.278
MinimumVisualStudioVersion = 10.0.40219.1
Project("{FAE04EC0-301F-11D3-BF4B-00C04F79EFBC}") = "IntegrationAdminLTE", "IntegrationAdminLTE\IntegrationAdminLTE.csproj", "{D54BFAD7-0290-47CF-AE5B-F7F917A0C8E0}"
EndProject
Global
	GlobalSection(SolutionConfigurationPlatforms) = preSolution
		Debug|Any CPU = Debug|Any CPU
		Release|Any CPU = Release|Any CPU
	EndGlobalSection
	GlobalSection(ProjectConfigurationPlatforms) = postSolution
		{D54BFAD7-0290-47CF-AE5B-F7F917A0C8E0}.Debug|Any CPU.ActiveCfg = Debug|Any CPU
		{D54BFAD7-0290-47CF-AE5B-F7F917A0C8E0}.Debug|Any CPU.Build.0 = Debug|Any CPU
		{D54BFAD7-0290-47CF-AE5B-F7F917A0C8E0}.Release|Any CPU.ActiveCfg = Release|Any CPU
		{D54BFAD7-0290-47CF-AE5B-F7F917A0C8E0}.Release|Any CPU.Build.0 = Release|Any CPU
	EndGlobalSection
	GlobalSection(SolutionProperties) = preSolution
		HideSolutionNode = FALSE
	EndGlobalSection
	GlobalSection(ExtensibilityGlobals) = postSolution
		SolutionGuid = {C446D0A1-D023-4748-B28F-20B7229B49E0}
	EndGlobalSection
EndGlobal
